
Microsoft Visual Studio Solution File, Format Version 12.00
# Visual Studio 2013
VisualStudioVersion = 12.0.40629.0
MinimumVisualStudioVersion = 10.0.40219.1
Project("{FAE04EC0-301F-11D3-BF4B-00C04F79EFBC}") = "RapidImpexConsole", "RapidImpexConsole\RapidImpexConsole.csproj", "{8E0CD5A5-9E7A-48B9-B676-8ADD4505E244}"
EndProject
Project("{FAE04EC0-301F-11D3-BF4B-00C04F79EFBC}") = "RapidImpex.Ampla", "RapidImpex.Ampla\RapidImpex.Ampla.csproj", "{777CEA1B-338D-43F3-BF1F-FFD92826FBFB}"
EndProject
Project("{FAE04EC0-301F-11D3-BF4B-00C04F79EFBC}") = "RapidImpex.Models", "RapidImpex.Models\RapidImpex.Models.csproj", "{61FC2568-EBB0-4E48-9054-A34463C84997}"
EndProject
Project("{2150E333-8FDC-42A3-9474-1A3956D46DE8}") = "Solution Items", "Solution Items", "{794726CB-E912-48F7-9EAD-175C860F4D1B}"
	ProjectSection(SolutionItems) = preProject
		GlobalAssemblyInfo.cs = GlobalAssemblyInfo.cs
	EndProjectSection
EndProject
Project("{FAE04EC0-301F-11D3-BF4B-00C04F79EFBC}") = "RapidImpex.Testing", "RapidImpex.Testing\RapidImpex.Testing.csproj", "{1FD05336-F17A-41FF-BB6D-DB92EBA812E9}"
EndProject
Project("{2150E333-8FDC-42A3-9474-1A3956D46DE8}") = ".nuget", ".nuget", "{C502FE61-0C92-42BB-8BA7-6E26B8EB21EC}"
	ProjectSection(SolutionItems) = preProject
		.nuget\NuGet.Config = .nuget\NuGet.Config
		.nuget\NuGet.exe = .nuget\NuGet.exe
		.nuget\NuGet.targets = .nuget\NuGet.targets
		.nuget\packages.config = .nuget\packages.config
	EndProjectSection
EndProject
Project("{FAE04EC0-301F-11D3-BF4B-00C04F79EFBC}") = "RapidImpex.Data", "RapidImpex.Data\RapidImpex.Data.csproj", "{BA9825C2-FA91-49C7-A7AE-B5C9AB6AB9D0}"
EndProject
Project("{FAE04EC0-301F-11D3-BF4B-00C04F79EFBC}") = "RapidImpex.Functionality", "RapidImpex.Functionality\RapidImpex.Functionality.csproj", "{20AA74E1-C697-458E-AC95-71DB34E331C7}"
EndProject
Global
	GlobalSection(SolutionConfigurationPlatforms) = preSolution
		Debug|Any CPU = Debug|Any CPU
		Release|Any CPU = Release|Any CPU
	EndGlobalSection
	GlobalSection(ProjectConfigurationPlatforms) = postSolution
		{8E0CD5A5-9E7A-48B9-B676-8ADD4505E244}.Debug|Any CPU.ActiveCfg = Debug|Any CPU
		{8E0CD5A5-9E7A-48B9-B676-8ADD4505E244}.Debug|Any CPU.Build.0 = Debug|Any CPU
		{8E0CD5A5-9E7A-48B9-B676-8ADD4505E244}.Release|Any CPU.ActiveCfg = Release|Any CPU
		{8E0CD5A5-9E7A-48B9-B676-8ADD4505E244}.Release|Any CPU.Build.0 = Release|Any CPU
		{777CEA1B-338D-43F3-BF1F-FFD92826FBFB}.Debug|Any CPU.ActiveCfg = Debug|Any CPU
		{777CEA1B-338D-43F3-BF1F-FFD92826FBFB}.Debug|Any CPU.Build.0 = Debug|Any CPU
		{777CEA1B-338D-43F3-BF1F-FFD92826FBFB}.Release|Any CPU.ActiveCfg = Release|Any CPU
		{777CEA1B-338D-43F3-BF1F-FFD92826FBFB}.Release|Any CPU.Build.0 = Release|Any CPU
		{61FC2568-EBB0-4E48-9054-A34463C84997}.Debug|Any CPU.ActiveCfg = Debug|Any CPU
		{61FC2568-EBB0-4E48-9054-A34463C84997}.Debug|Any CPU.Build.0 = Debug|Any CPU
		{61FC2568-EBB0-4E48-9054-A34463C84997}.Release|Any CPU.ActiveCfg = Release|Any CPU
		{61FC2568-EBB0-4E48-9054-A34463C84997}.Release|Any CPU.Build.0 = Release|Any CPU
		{1FD05336-F17A-41FF-BB6D-DB92EBA812E9}.Debug|Any CPU.ActiveCfg = Debug|Any CPU
		{1FD05336-F17A-41FF-BB6D-DB92EBA812E9}.Debug|Any CPU.Build.0 = Debug|Any CPU
		{1FD05336-F17A-41FF-BB6D-DB92EBA812E9}.Release|Any CPU.ActiveCfg = Release|Any CPU
		{1FD05336-F17A-41FF-BB6D-DB92EBA812E9}.Release|Any CPU.Build.0 = Release|Any CPU
		{BA9825C2-FA91-49C7-A7AE-B5C9AB6AB9D0}.Debug|Any CPU.ActiveCfg = Debug|Any CPU
		{BA9825C2-FA91-49C7-A7AE-B5C9AB6AB9D0}.Debug|Any CPU.Build.0 = Debug|Any CPU
		{BA9825C2-FA91-49C7-A7AE-B5C9AB6AB9D0}.Release|Any CPU.ActiveCfg = Release|Any CPU
		{BA9825C2-FA91-49C7-A7AE-B5C9AB6AB9D0}.Release|Any CPU.Build.0 = Release|Any CPU
		{20AA74E1-C697-458E-AC95-71DB34E331C7}.Debug|Any CPU.ActiveCfg = Debug|Any CPU
		{20AA74E1-C697-458E-AC95-71DB34E331C7}.Debug|Any CPU.Build.0 = Debug|Any CPU
		{20AA74E1-C697-458E-AC95-71DB34E331C7}.Release|Any CPU.ActiveCfg = Release|Any CPU
		{20AA74E1-C697-458E-AC95-71DB34E331C7}.Release|Any CPU.Build.0 = Release|Any CPU
	EndGlobalSection
	GlobalSection(SolutionProperties) = preSolution
		HideSolutionNode = FALSE
	EndGlobalSection
EndGlobal
